// !$*UTF8*$!
{
	archiveVersion = 1;
	classes = {
	};
	objectVersion = 46;
	objects = {

/* Begin PBXBuildFile section */
		492B3C011E7460A800FFCA56 /* AppDelegate.swift in Sources */ = {isa = PBXBuildFile; fileRef = 492B3C001E7460A800FFCA56 /* AppDelegate.swift */; };
		492B3C031E7460A800FFCA56 /* ViewController.swift in Sources */ = {isa = PBXBuildFile; fileRef = 492B3C021E7460A800FFCA56 /* ViewController.swift */; };
		492B3C061E7460A800FFCA56 /* Main.storyboard in Resources */ = {isa = PBXBuildFile; fileRef = 492B3C041E7460A800FFCA56 /* Main.storyboard */; };
		492B3C081E7460A800FFCA56 /* Assets.xcassets in Resources */ = {isa = PBXBuildFile; fileRef = 492B3C071E7460A800FFCA56 /* Assets.xcassets */; };
		492B3C0B1E7460A800FFCA56 /* LaunchScreen.storyboard in Resources */ = {isa = PBXBuildFile; fileRef = 492B3C091E7460A800FFCA56 /* LaunchScreen.storyboard */; };
/* End PBXBuildFile section */

/* Begin PBXFileReference section */
		492B3BFD1E7460A800FFCA56 /* GuelphHacks.app */ = {isa = PBXFileReference; explicitFileType = wrapper.application; includeInIndex = 0; path = GuelphHacks.app; sourceTree = BUILT_PRODUCTS_DIR; };
		492B3C001E7460A800FFCA56 /* AppDelegate.swift */ = {isa = PBXFileReference; lastKnownFileType = sourcecode.swift; path = AppDelegate.swift; sourceTree = "<group>"; };
		492B3C021E7460A800FFCA56 /* ViewController.swift */ = {isa = PBXFileReference; lastKnownFileType = sourcecode.swift; path = ViewController.swift; sourceTree = "<group>"; };
		492B3C051E7460A800FFCA56 /* Base */ = {isa = PBXFileReference; lastKnownFileType = file.storyboard; name = Base; path = Base.lproj/Main.storyboard; sourceTree = "<group>"; };
		492B3C071E7460A800FFCA56 /* Assets.xcassets */ = {isa = PBXFileReference; lastKnownFileType = folder.assetcatalog; path = Assets.xcassets; sourceTree = "<group>"; };
		492B3C0A1E7460A800FFCA56 /* Base */ = {isa = PBXFileReference; lastKnownFileType = file.storyboard; name = Base; path = Base.lproj/LaunchScreen.storyboard; sourceTree = "<group>"; };
		492B3C0C1E7460A800FFCA56 /* Info.plist */ = {isa = PBXFileReference; lastKnownFileType = text.plist.xml; path = Info.plist; sourceTree = "<group>"; };
/* End PBXFileReference section */

/* Begin PBXFrameworksBuildPhase section */
		492B3BFA1E7460A700FFCA56 /* Frameworks */ = {
			isa = PBXFrameworksBuildPhase;
			buildActionMask = 2147483647;
			files = (
			);
			runOnlyForDeploymentPostprocessing = 0;
		};
/* End PBXFrameworksBuildPhase section */

/* Begin PBXGroup section */
		492B3BF41E7460A700FFCA56 = {
			isa = PBXGroup;
			children = (
				492B3BFF1E7460A800FFCA56 /* GuelphHacks */,
				492B3BFE1E7460A800FFCA56 /* Products */,
			);
			sourceTree = "<group>";
		};
		492B3BFE1E7460A800FFCA56 /* Products */ = {
			isa = PBXGroup;
			children = (
				492B3BFD1E7460A800FFCA56 /* GuelphHacks.app */,
			);
			name = Products;
			sourceTree = "<group>";
		};
		492B3BFF1E7460A800FFCA56 /* GuelphHacks */ = {
			isa = PBXGroup;
			children = (
				492B3C001E7460A800FFCA56 /* AppDelegate.swift */,
				492B3C021E7460A800FFCA56 /* ViewController.swift */,
				492B3C041E7460A800FFCA56 /* Main.storyboard */,
				492B3C071E7460A800FFCA56 /* Assets.xcassets */,
				492B3C091E7460A800FFCA56 /* LaunchScreen.storyboard */,
				492B3C0C1E7460A800FFCA56 /* Info.plist */,
			);
			path = GuelphHacks;
			sourceTree = "<group>";
		};
/* End PBXGroup section */

/* Begin PBXNativeTarget section */
		492B3BFC1E7460A700FFCA56 /* GuelphHacks */ = {
			isa = PBXNativeTarget;
			buildConfigurationList = 492B3C0F1E7460A800FFCA56 /* Build configuration list for PBXNativeTarget "GuelphHacks" */;
			buildPhases = (
				492B3BF91E7460A700FFCA56 /* Sources */,
				492B3BFA1E7460A700FFCA56 /* Frameworks */,
				492B3BFB1E7460A700FFCA56 /* Resources */,
			);
			buildRules = (
			);
			dependencies = (
			);
			name = GuelphHacks;
			productName = GuelphHacks;
			productReference = 492B3BFD1E7460A800FFCA56 /* GuelphHacks.app */;
			productType = "com.apple.product-type.application";
		};
/* End PBXNativeTarget section */

/* Begin PBXProject section */
		492B3BF51E7460A700FFCA56 /* Project object */ = {
			isa = PBXProject;
			attributes = {
				LastSwiftUpdateCheck = 0820;
				LastUpgradeCheck = 0820;
				ORGANIZATIONNAME = "Marc Santos";
				TargetAttributes = {
					492B3BFC1E7460A700FFCA56 = {
						CreatedOnToolsVersion = 8.2.1;
						DevelopmentTeam = 2MC337ND56;
						ProvisioningStyle = Automatic;
					};
				};
			};
			buildConfigurationList = 492B3BF81E7460A700FFCA56 /* Build configuration list for PBXProject "GuelphHacks" */;
			compatibilityVersion = "Xcode 3.2";
			developmentRegion = English;
			hasScannedForEncodings = 0;
			knownRegions = (
				en,
				Base,
			);
			mainGroup = 492B3BF41E7460A700FFCA56;
			productRefGroup = 492B3BFE1E7460A800FFCA56 /* Products */;
			projectDirPath = "";
			projectRoot = "";
			targets = (
				492B3BFC1E7460A700FFCA56 /* GuelphHacks */,
			);
		};
/* End PBXProject section */

/* Begin PBXResourcesBuildPhase section */
		492B3BFB1E7460A700FFCA56 /* Resources */ = {
			isa = PBXResourcesBuildPhase;
			buildActionMask = 2147483647;
			files = (
				492B3C0B1E7460A800FFCA56 /* LaunchScreen.storyboard in Resources */,
				492B3C081E7460A800FFCA56 /* Assets.xcassets in Resources */,
				492B3C061E7460A800FFCA56 /* Main.storyboard in Resources */,
			);
			runOnlyForDeploymentPostprocessing = 0;
		};
/* End PBXResourcesBuildPhase section */

/* Begin PBXSourcesBuildPhase section */
		492B3BF91E7460A700FFCA56 /* Sources */ = {
			isa = PBXSourcesBuildPhase;
			buildActionMask = 2147483647;
			files = (
				492B3C031E7460A800FFCA56 /* ViewController.swift in Sources */,
				492B3C011E7460A800FFCA56 /* AppDelegate.swift in Sources */,
			);
			runOnlyForDeploymentPostprocessing = 0;
		};
/* End PBXSourcesBuildPhase section */

/* Begin PBXVariantGroup section */
		492B3C041E7460A800FFCA56 /* Main.storyboard */ = {
			isa = PBXVariantGroup;
			children = (
				492B3C051E7460A800FFCA56 /* Base */,
			);
			name = Main.storyboard;
			sourceTree = "<group>";
		};
		492B3C091E7460A800FFCA56 /* LaunchScreen.storyboard */ = {
			isa = PBXVariantGroup;
			children = (
				492B3C0A1E7460A800FFCA56 /* Base */,
			);
			name = LaunchScreen.storyboard;
			sourceTree = "<group>";
		};
/* End PBXVariantGroup section */

/* Begin XCBuildConfiguration section */
		492B3C0D1E7460A800FFCA56 /* Debug */ = {
			isa = XCBuildConfiguration;
			buildSettings = {
				ALWAYS_SEARCH_USER_PATHS = NO;
				CLANG_ANALYZER_NONNULL = YES;
				CLANG_CXX_LANGUAGE_STANDARD = "gnu++0x";
				CLANG_CXX_LIBRARY = "libc++";
				CLANG_ENABLE_MODULES = YES;
				CLANG_ENABLE_OBJC_ARC = YES;
				CLANG_WARN_BOOL_CONVERSION = YES;
				CLANG_WARN_CONSTANT_CONVERSION = YES;
				CLANG_WARN_DIRECT_OBJC_ISA_USAGE = YES_ERROR;
				CLANG_WARN_DOCUMENTATION_COMMENTS = YES;
				CLANG_WARN_EMPTY_BODY = YES;
				CLANG_WARN_ENUM_CONVERSION = YES;
				CLANG_WARN_INFINITE_RECURSION = YES;
				CLANG_WARN_INT_CONVERSION = YES;
				CLANG_WARN_OBJC_ROOT_CLASS = YES_ERROR;
				CLANG_WARN_SUSPICIOUS_MOVE = YES;
				CLANG_WARN_UNREACHABLE_CODE = YES;
				CLANG_WARN__DUPLICATE_METHOD_MATCH = YES;
				"CODE_SIGN_IDENTITY[sdk=iphoneos*]" = "iPhone Developer";
				COPY_PHASE_STRIP = NO;
				DEBUG_INFORMATION_FORMAT = dwarf;
				ENABLE_STRICT_OBJC_MSGSEND = YES;
				ENABLE_TESTABILITY = YES;
				GCC_C_LANGUAGE_STANDARD = gnu99;
				GCC_DYNAMIC_NO_PIC = NO;
				GCC_NO_COMMON_BLOCKS = YES;
				GCC_OPTIMIZATION_LEVEL = 0;
				GCC_PREPROCESSOR_DEFINITIONS = (
					"DEBUG=1",
					"$(inherited)",
				);
				GCC_WARN_64_TO_32_BIT_CONVERSION = YES;
				GCC_WARN_ABOUT_RETURN_TYPE = YES_ERROR;
				GCC_WARN_UNDECLARED_SELECTOR = YES;
				GCC_WARN_UNINITIALIZED_AUTOS = YES_AGGRESSIVE;
				GCC_WARN_UNUSED_FUNCTION = YES;
				GCC_WARN_UNUSED_VARIABLE = YES;
				IPHONEOS_DEPLOYMENT_TARGET = 10.2;
				MTL_ENABLE_DEBUG_INFO = YES;
				ONLY_ACTIVE_ARCH = YES;
				SDKROOT = iphoneos;
				SWIFT_ACTIVE_COMPILATION_CONDITIONS = DEBUG;
				SWIFT_OPTIMIZATION_LEVEL = "-Onone";
			};
			name = Debug;
		};
		492B3C0E1E7460A800FFCA56 /* Release */ = {
			isa = XCBuildConfiguration;
			buildSettings = {
				ALWAYS_SEARCH_USER_PATHS = NO;
				CLANG_ANALYZER_NONNULL = YES;
				CLANG_CXX_LANGUAGE_STANDARD = "gnu++0x";
				CLANG_CXX_LIBRARY = "libc++";
				CLANG_ENABLE_MODULES = YES;
				CLANG_ENABLE_OBJC_ARC = YES;
				CLANG_WARN_BOOL_CONVERSION = YES;
				CLANG_WARN_CONSTANT_CONVERSION = YES;
				CLANG_WARN_DIRECT_OBJC_ISA_USAGE = YES_ERROR;
				CLANG_WARN_DOCUMENTATION_COMMENTS = YES;
				CLANG_WARN_EMPTY_BODY = YES;
				CLANG_WARN_ENUM_CONVERSION = YES;
				CLANG_WARN_INFINITE_RECURSION = YES;
				CLANG_WARN_INT_CONVERSION = YES;
				CLANG_WARN_OBJC_ROOT_CLASS = YES_ERROR;
				CLANG_WARN_SUSPICIOUS_MOVE = YES;
				CLANG_WARN_UNREACHABLE_CODE = YES;
				CLANG_WARN__DUPLICATE_METHOD_MATCH = YES;
				"CODE_SIGN_IDENTITY[sdk=iphoneos*]" = "iPhone Developer";
				COPY_PHASE_STRIP = NO;
				DEBUG_INFORMATION_FORMAT = "dwarf-with-dsym";
				ENABLE_NS_ASSERTIONS = NO;
				ENABLE_STRICT_OBJC_MSGSEND = YES;
				GCC_C_LANGUAGE_STANDARD = gnu99;
				GCC_NO_COMMON_BLOCKS = YES;
				GCC_WARN_64_TO_32_BIT_CONVERSION = YES;
				GCC_WARN_ABOUT_RETURN_TYPE = YES_ERROR;
				GCC_WARN_UNDECLARED_SELECTOR = YES;
				GCC_WARN_UNINITIALIZED_AUTOS = YES_AGGRESSIVE;
				GCC_WARN_UNUSED_FUNCTION = YES;
				GCC_WARN_UNUSED_VARIABLE = YES;
				IPHONEOS_DEPLOYMENT_TARGET = 10.2;
				MTL_ENABLE_DEBUG_INFO = NO;
				SDKROOT = iphoneos;
				SWIFT_OPTIMIZATION_LEVEL = "-Owholemodule";
				VALIDATE_PRODUCT = YES;
			};
			name = Release;
		};
		492B3C101E7460A800FFCA56 /* Debug */ = {
			isa = XCBuildConfiguration;
			buildSettings = {
				ASSETCATALOG_COMPILER_APPICON_NAME = AppIcon;
				DEVELOPMENT_TEAM = 2MC337ND56;
				INFOPLIST_FILE = GuelphHacks/Info.plist;
				LD_RUNPATH_SEARCH_PATHS = "$(inherited) @executable_path/Frameworks";
				PRODUCT_BUNDLE_IDENTIFIER = "Marc-Santos.GuelphHacks";
				PRODUCT_NAME = "$(TARGET_NAME)";
				SWIFT_VERSION = 3.0;
			};
			name = Debug;
		};
		492B3C111E7460A800FFCA56 /* Release */ = {
			isa = XCBuildConfiguration;
			buildSettings = {
				ASSETCATALOG_COMPILER_APPICON_NAME = AppIcon;
				DEVELOPMENT_TEAM = 2MC337ND56;
				INFOPLIST_FILE = GuelphHacks/Info.plist;
				LD_RUNPATH_SEARCH_PATHS = "$(inherited) @executable_path/Frameworks";
				PRODUCT_BUNDLE_IDENTIFIER = "Marc-Santos.GuelphHacks";
				PRODUCT_NAME = "$(TARGET_NAME)";
				SWIFT_VERSION = 3.0;
			};
			name = Release;
		};
/* End XCBuildConfiguration section */

/* Begin XCConfigurationList section */
		492B3BF81E7460A700FFCA56 /* Build configuration list for PBXProject "GuelphHacks" */ = {
			isa = XCConfigurationList;
			buildConfigurations = (
				492B3C0D1E7460A800FFCA56 /* Debug */,
				492B3C0E1E7460A800FFCA56 /* Release */,
			);
			defaultConfigurationIsVisible = 0;
			defaultConfigurationName = Release;
		};
		492B3C0F1E7460A800FFCA56 /* Build configuration list for PBXNativeTarget "GuelphHacks" */ = {
			isa = XCConfigurationList;
			buildConfigurations = (
				492B3C101E7460A800FFCA56 /* Debug */,
				492B3C111E7460A800FFCA56 /* Release */,
			);
			defaultConfigurationIsVisible = 0;
		};
/* End XCConfigurationList section */
	};
	rootObject = 492B3BF51E7460A700FFCA56 /* Project object */;
}
